
Microsoft Visual Studio Solution File, Format Version 12.00
# Visual Studio Version 17
VisualStudioVersion = 17.9.34622.214
MinimumVisualStudioVersion = 10.0.40219.1
Project("{FAE04EC0-301F-11D3-BF4B-00C04F79EFBC}") = "AutoDjambazi", "AutoDjambazi\AutoDjambazi.csproj", "{C11B328A-7065-4A3A-942A-F2D3B7139009}"
EndProject
Global
	GlobalSection(SolutionConfigurationPlatforms) = preSolution
		Debug|Any CPU = Debug|Any CPU
		Release|Any CPU = Release|Any CPU
	EndGlobalSection
	GlobalSection(ProjectConfigurationPlatforms) = postSolution
		{C11B328A-7065-4A3A-942A-F2D3B7139009}.Debug|Any CPU.ActiveCfg = Debug|Any CPU
		{C11B328A-7065-4A3A-942A-F2D3B7139009}.Debug|Any CPU.Build.0 = Debug|Any CPU
		{C11B328A-7065-4A3A-942A-F2D3B7139009}.Release|Any CPU.ActiveCfg = Release|Any CPU
		{C11B328A-7065-4A3A-942A-F2D3B7139009}.Release|Any CPU.Build.0 = Release|Any CPU
	EndGlobalSection
	GlobalSection(SolutionProperties) = preSolution
		HideSolutionNode = FALSE
	EndGlobalSection
	GlobalSection(ExtensibilityGlobals) = postSolution
		SolutionGuid = {D4CC6D0B-0A7C-4E50-AAF5-564D6315DCC0}
	EndGlobalSection
EndGlobal
